// !$*UTF8*$!
{
	archiveVersion = 1;
	classes = {
	};
	objectVersion = 46;
	objects = {

/* Begin PBXBuildFile section */
		16AE7AB61B94F2610078A4B7 /* AppDelegate.swift in Sources */ = {isa = PBXBuildFile; fileRef = 16AE7AB51B94F2610078A4B7 /* AppDelegate.swift */; };
		16AE7AB81B94F2610078A4B7 /* ViewController.swift in Sources */ = {isa = PBXBuildFile; fileRef = 16AE7AB71B94F2610078A4B7 /* ViewController.swift */; };
		16AE7ABB1B94F2610078A4B7 /* Main.storyboard in Resources */ = {isa = PBXBuildFile; fileRef = 16AE7AB91B94F2610078A4B7 /* Main.storyboard */; };
		16AE7ABD1B94F2610078A4B7 /* Images.xcassets in Resources */ = {isa = PBXBuildFile; fileRef = 16AE7ABC1B94F2610078A4B7 /* Images.xcassets */; };
		16AE7AC01B94F2610078A4B7 /* LaunchScreen.xib in Resources */ = {isa = PBXBuildFile; fileRef = 16AE7ABE1B94F2610078A4B7 /* LaunchScreen.xib */; };
		16AE7ACC1B94F2610078A4B7 /* auto_layoutTests.swift in Sources */ = {isa = PBXBuildFile; fileRef = 16AE7ACB1B94F2610078A4B7 /* auto_layoutTests.swift */; };
/* End PBXBuildFile section */

/* Begin PBXContainerItemProxy section */
		16AE7AC61B94F2610078A4B7 /* PBXContainerItemProxy */ = {
			isa = PBXContainerItemProxy;
			containerPortal = 16AE7AA81B94F2600078A4B7 /* Project object */;
			proxyType = 1;
			remoteGlobalIDString = 16AE7AAF1B94F2600078A4B7;
			remoteInfo = "auto-layout";
		};
/* End PBXContainerItemProxy section */

/* Begin PBXFileReference section */
		16AE7AB01B94F2600078A4B7 /* auto-layout.app */ = {isa = PBXFileReference; explicitFileType = wrapper.application; includeInIndex = 0; path = "auto-layout.app"; sourceTree = BUILT_PRODUCTS_DIR; };
		16AE7AB41B94F2610078A4B7 /* Info.plist */ = {isa = PBXFileReference; lastKnownFileType = text.plist.xml; path = Info.plist; sourceTree = "<group>"; };
		16AE7AB51B94F2610078A4B7 /* AppDelegate.swift */ = {isa = PBXFileReference; lastKnownFileType = sourcecode.swift; path = AppDelegate.swift; sourceTree = "<group>"; };
		16AE7AB71B94F2610078A4B7 /* ViewController.swift */ = {isa = PBXFileReference; lastKnownFileType = sourcecode.swift; path = ViewController.swift; sourceTree = "<group>"; };
		16AE7ABA1B94F2610078A4B7 /* Base */ = {isa = PBXFileReference; lastKnownFileType = file.storyboard; name = Base; path = Base.lproj/Main.storyboard; sourceTree = "<group>"; };
		16AE7ABC1B94F2610078A4B7 /* Images.xcassets */ = {isa = PBXFileReference; lastKnownFileType = folder.assetcatalog; path = Images.xcassets; sourceTree = "<group>"; };
		16AE7ABF1B94F2610078A4B7 /* Base */ = {isa = PBXFileReference; lastKnownFileType = file.xib; name = Base; path = Base.lproj/LaunchScreen.xib; sourceTree = "<group>"; };
		16AE7AC51B94F2610078A4B7 /* auto-layoutTests.xctest */ = {isa = PBXFileReference; explicitFileType = wrapper.cfbundle; includeInIndex = 0; path = "auto-layoutTests.xctest"; sourceTree = BUILT_PRODUCTS_DIR; };
		16AE7ACA1B94F2610078A4B7 /* Info.plist */ = {isa = PBXFileReference; lastKnownFileType = text.plist.xml; path = Info.plist; sourceTree = "<group>"; };
		16AE7ACB1B94F2610078A4B7 /* auto_layoutTests.swift */ = {isa = PBXFileReference; lastKnownFileType = sourcecode.swift; path = auto_layoutTests.swift; sourceTree = "<group>"; };
/* End PBXFileReference section */

/* Begin PBXFrameworksBuildPhase section */
		16AE7AAD1B94F2600078A4B7 /* Frameworks */ = {
			isa = PBXFrameworksBuildPhase;
			buildActionMask = 2147483647;
			files = (
			);
			runOnlyForDeploymentPostprocessing = 0;
		};
		16AE7AC21B94F2610078A4B7 /* Frameworks */ = {
			isa = PBXFrameworksBuildPhase;
			buildActionMask = 2147483647;
			files = (
			);
			runOnlyForDeploymentPostprocessing = 0;
		};
/* End PBXFrameworksBuildPhase section */

/* Begin PBXGroup section */
		16AE7AA71B94F2600078A4B7 = {
			isa = PBXGroup;
			children = (
				16AE7AB21B94F2600078A4B7 /* auto-layout */,
				16AE7AC81B94F2610078A4B7 /* auto-layoutTests */,
				16AE7AB11B94F2600078A4B7 /* Products */,
			);
			sourceTree = "<group>";
		};
		16AE7AB11B94F2600078A4B7 /* Products */ = {
			isa = PBXGroup;
			children = (
				16AE7AB01B94F2600078A4B7 /* auto-layout.app */,
				16AE7AC51B94F2610078A4B7 /* auto-layoutTests.xctest */,
			);
			name = Products;
			sourceTree = "<group>";
		};
		16AE7AB21B94F2600078A4B7 /* auto-layout */ = {
			isa = PBXGroup;
			children = (
				16AE7AB51B94F2610078A4B7 /* AppDelegate.swift */,
				16AE7AB71B94F2610078A4B7 /* ViewController.swift */,
				16AE7AB91B94F2610078A4B7 /* Main.storyboard */,
				16AE7ABC1B94F2610078A4B7 /* Images.xcassets */,
				16AE7ABE1B94F2610078A4B7 /* LaunchScreen.xib */,
				16AE7AB31B94F2610078A4B7 /* Supporting Files */,
			);
			path = "auto-layout";
			sourceTree = "<group>";
		};
		16AE7AB31B94F2610078A4B7 /* Supporting Files */ = {
			isa = PBXGroup;
			children = (
				16AE7AB41B94F2610078A4B7 /* Info.plist */,
			);
			name = "Supporting Files";
			sourceTree = "<group>";
		};
		16AE7AC81B94F2610078A4B7 /* auto-layoutTests */ = {
			isa = PBXGroup;
			children = (
				16AE7ACB1B94F2610078A4B7 /* auto_layoutTests.swift */,
				16AE7AC91B94F2610078A4B7 /* Supporting Files */,
			);
			path = "auto-layoutTests";
			sourceTree = "<group>";
		};
		16AE7AC91B94F2610078A4B7 /* Supporting Files */ = {
			isa = PBXGroup;
			children = (
				16AE7ACA1B94F2610078A4B7 /* Info.plist */,
			);
			name = "Supporting Files";
			sourceTree = "<group>";
		};
/* End PBXGroup section */

/* Begin PBXNativeTarget section */
		16AE7AAF1B94F2600078A4B7 /* auto-layout */ = {
			isa = PBXNativeTarget;
			buildConfigurationList = 16AE7ACF1B94F2610078A4B7 /* Build configuration list for PBXNativeTarget "auto-layout" */;
			buildPhases = (
				16AE7AAC1B94F2600078A4B7 /* Sources */,
				16AE7AAD1B94F2600078A4B7 /* Frameworks */,
				16AE7AAE1B94F2600078A4B7 /* Resources */,
			);
			buildRules = (
			);
			dependencies = (
			);
			name = "auto-layout";
			productName = "auto-layout";
			productReference = 16AE7AB01B94F2600078A4B7 /* auto-layout.app */;
			productType = "com.apple.product-type.application";
		};
		16AE7AC41B94F2610078A4B7 /* auto-layoutTests */ = {
			isa = PBXNativeTarget;
			buildConfigurationList = 16AE7AD21B94F2610078A4B7 /* Build configuration list for PBXNativeTarget "auto-layoutTests" */;
			buildPhases = (
				16AE7AC11B94F2610078A4B7 /* Sources */,
				16AE7AC21B94F2610078A4B7 /* Frameworks */,
				16AE7AC31B94F2610078A4B7 /* Resources */,
			);
			buildRules = (
			);
			dependencies = (
				16AE7AC71B94F2610078A4B7 /* PBXTargetDependency */,
			);
			name = "auto-layoutTests";
			productName = "auto-layoutTests";
			productReference = 16AE7AC51B94F2610078A4B7 /* auto-layoutTests.xctest */;
			productType = "com.apple.product-type.bundle.unit-test";
		};
/* End PBXNativeTarget section */

/* Begin PBXProject section */
		16AE7AA81B94F2600078A4B7 /* Project object */ = {
			isa = PBXProject;
			attributes = {
				LastUpgradeCheck = 0640;
				ORGANIZATIONNAME = "Renan Kosicki";
				TargetAttributes = {
					16AE7AAF1B94F2600078A4B7 = {
						CreatedOnToolsVersion = 6.4;
					};
					16AE7AC41B94F2610078A4B7 = {
						CreatedOnToolsVersion = 6.4;
						TestTargetID = 16AE7AAF1B94F2600078A4B7;
					};
				};
			};
			buildConfigurationList = 16AE7AAB1B94F2600078A4B7 /* Build configuration list for PBXProject "auto-layout" */;
			compatibilityVersion = "Xcode 3.2";
			developmentRegion = English;
			hasScannedForEncodings = 0;
			knownRegions = (
				en,
				Base,
			);
			mainGroup = 16AE7AA71B94F2600078A4B7;
			productRefGroup = 16AE7AB11B94F2600078A4B7 /* Products */;
			projectDirPath = "";
			projectRoot = "";
			targets = (
				16AE7AAF1B94F2600078A4B7 /* auto-layout */,
				16AE7AC41B94F2610078A4B7 /* auto-layoutTests */,
			);
		};
/* End PBXProject section */

/* Begin PBXResourcesBuildPhase section */
		16AE7AAE1B94F2600078A4B7 /* Resources */ = {
			isa = PBXResourcesBuildPhase;
			buildActionMask = 2147483647;
			files = (
				16AE7ABB1B94F2610078A4B7 /* Main.storyboard in Resources */,
				16AE7AC01B94F2610078A4B7 /* LaunchScreen.xib in Resources */,
				16AE7ABD1B94F2610078A4B7 /* Images.xcassets in Resources */,
			);
			runOnlyForDeploymentPostprocessing = 0;
		};
		16AE7AC31B94F2610078A4B7 /* Resources */ = {
			isa = PBXResourcesBuildPhase;
			buildActionMask = 2147483647;
			files = (
			);
			runOnlyForDeploymentPostprocessing = 0;
		};
/* End PBXResourcesBuildPhase section */

/* Begin PBXSourcesBuildPhase section */
		16AE7AAC1B94F2600078A4B7 /* Sources */ = {
			isa = PBXSourcesBuildPhase;
			buildActionMask = 2147483647;
			files = (
				16AE7AB81B94F2610078A4B7 /* ViewController.swift in Sources */,
				16AE7AB61B94F2610078A4B7 /* AppDelegate.swift in Sources */,
			);
			runOnlyForDeploymentPostprocessing = 0;
		};
		16AE7AC11B94F2610078A4B7 /* Sources */ = {
			isa = PBXSourcesBuildPhase;
			buildActionMask = 2147483647;
			files = (
				16AE7ACC1B94F2610078A4B7 /* auto_layoutTests.swift in Sources */,
			);
			runOnlyForDeploymentPostprocessing = 0;
		};
/* End PBXSourcesBuildPhase section */

/* Begin PBXTargetDependency section */
		16AE7AC71B94F2610078A4B7 /* PBXTargetDependency */ = {
			isa = PBXTargetDependency;
			target = 16AE7AAF1B94F2600078A4B7 /* auto-layout */;
			targetProxy = 16AE7AC61B94F2610078A4B7 /* PBXContainerItemProxy */;
		};
/* End PBXTargetDependency section */

/* Begin PBXVariantGroup section */
		16AE7AB91B94F2610078A4B7 /* Main.storyboard */ = {
			isa = PBXVariantGroup;
			children = (
				16AE7ABA1B94F2610078A4B7 /* Base */,
			);
			name = Main.storyboard;
			sourceTree = "<group>";
		};
		16AE7ABE1B94F2610078A4B7 /* LaunchScreen.xib */ = {
			isa = PBXVariantGroup;
			children = (
				16AE7ABF1B94F2610078A4B7 /* Base */,
			);
			name = LaunchScreen.xib;
			sourceTree = "<group>";
		};
/* End PBXVariantGroup section */

/* Begin XCBuildConfiguration section */
		16AE7ACD1B94F2610078A4B7 /* Debug */ = {
			isa = XCBuildConfiguration;
			buildSettings = {
				ALWAYS_SEARCH_USER_PATHS = NO;
				CLANG_CXX_LANGUAGE_STANDARD = "gnu++0x";
				CLANG_CXX_LIBRARY = "libc++";
				CLANG_ENABLE_MODULES = YES;
				CLANG_ENABLE_OBJC_ARC = YES;
				CLANG_WARN_BOOL_CONVERSION = YES;
				CLANG_WARN_CONSTANT_CONVERSION = YES;
				CLANG_WARN_DIRECT_OBJC_ISA_USAGE = YES_ERROR;
				CLANG_WARN_EMPTY_BODY = YES;
				CLANG_WARN_ENUM_CONVERSION = YES;
				CLANG_WARN_INT_CONVERSION = YES;
				CLANG_WARN_OBJC_ROOT_CLASS = YES_ERROR;
				CLANG_WARN_UNREACHABLE_CODE = YES;
				CLANG_WARN__DUPLICATE_METHOD_MATCH = YES;
				"CODE_SIGN_IDENTITY[sdk=iphoneos*]" = "iPhone Developer";
				COPY_PHASE_STRIP = NO;
				DEBUG_INFORMATION_FORMAT = "dwarf-with-dsym";
				ENABLE_STRICT_OBJC_MSGSEND = YES;
				GCC_C_LANGUAGE_STANDARD = gnu99;
				GCC_DYNAMIC_NO_PIC = NO;
				GCC_NO_COMMON_BLOCKS = YES;
				GCC_OPTIMIZATION_LEVEL = 0;
				GCC_PREPROCESSOR_DEFINITIONS = (
					"DEBUG=1",
					"$(inherited)",
				);
				GCC_SYMBOLS_PRIVATE_EXTERN = NO;
				GCC_WARN_64_TO_32_BIT_CONVERSION = YES;
				GCC_WARN_ABOUT_RETURN_TYPE = YES_ERROR;
				GCC_WARN_UNDECLARED_SELECTOR = YES;
				GCC_WARN_UNINITIALIZED_AUTOS = YES_AGGRESSIVE;
				GCC_WARN_UNUSED_FUNCTION = YES;
				GCC_WARN_UNUSED_VARIABLE = YES;
				IPHONEOS_DEPLOYMENT_TARGET = 8.4;
				MTL_ENABLE_DEBUG_INFO = YES;
				ONLY_ACTIVE_ARCH = YES;
				SDKROOT = iphoneos;
				SWIFT_OPTIMIZATION_LEVEL = "-Onone";
			};
			name = Debug;
		};
		16AE7ACE1B94F2610078A4B7 /* Release */ = {
			isa = XCBuildConfiguration;
			buildSettings = {
				ALWAYS_SEARCH_USER_PATHS = NO;
				CLANG_CXX_LANGUAGE_STANDARD = "gnu++0x";
				CLANG_CXX_LIBRARY = "libc++";
				CLANG_ENABLE_MODULES = YES;
				CLANG_ENABLE_OBJC_ARC = YES;
				CLANG_WARN_BOOL_CONVERSION = YES;
				CLANG_WARN_CONSTANT_CONVERSION = YES;
				CLANG_WARN_DIRECT_OBJC_ISA_USAGE = YES_ERROR;
				CLANG_WARN_EMPTY_BODY = YES;
				CLANG_WARN_ENUM_CONVERSION = YES;
				CLANG_WARN_INT_CONVERSION = YES;
				CLANG_WARN_OBJC_ROOT_CLASS = YES_ERROR;
				CLANG_WARN_UNREACHABLE_CODE = YES;
				CLANG_WARN__DUPLICATE_METHOD_MATCH = YES;
				"CODE_SIGN_IDENTITY[sdk=iphoneos*]" = "iPhone Developer";
				COPY_PHASE_STRIP = NO;
				DEBUG_INFORMATION_FORMAT = "dwarf-with-dsym";
				ENABLE_NS_ASSERTIONS = NO;
				ENABLE_STRICT_OBJC_MSGSEND = YES;
				GCC_C_LANGUAGE_STANDARD = gnu99;
				GCC_NO_COMMON_BLOCKS = YES;
				GCC_WARN_64_TO_32_BIT_CONVERSION = YES;
				GCC_WARN_ABOUT_RETURN_TYPE = YES_ERROR;
				GCC_WARN_UNDECLARED_SELECTOR = YES;
				GCC_WARN_UNINITIALIZED_AUTOS = YES_AGGRESSIVE;
				GCC_WARN_UNUSED_FUNCTION = YES;
				GCC_WARN_UNUSED_VARIABLE = YES;
				IPHONEOS_DEPLOYMENT_TARGET = 8.4;
				MTL_ENABLE_DEBUG_INFO = NO;
				SDKROOT = iphoneos;
				VALIDATE_PRODUCT = YES;
			};
			name = Release;
		};
		16AE7AD01B94F2610078A4B7 /* Debug */ = {
			isa = XCBuildConfiguration;
			buildSettings = {
				ASSETCATALOG_COMPILER_APPICON_NAME = AppIcon;
				INFOPLIST_FILE = "auto-layout/Info.plist";
				LD_RUNPATH_SEARCH_PATHS = "$(inherited) @executable_path/Frameworks";
				PRODUCT_NAME = "$(TARGET_NAME)";
			};
			name = Debug;
		};
		16AE7AD11B94F2610078A4B7 /* Release */ = {
			isa = XCBuildConfiguration;
			buildSettings = {
				ASSETCATALOG_COMPILER_APPICON_NAME = AppIcon;
				INFOPLIST_FILE = "auto-layout/Info.plist";
				LD_RUNPATH_SEARCH_PATHS = "$(inherited) @executable_path/Frameworks";
				PRODUCT_NAME = "$(TARGET_NAME)";
			};
			name = Release;
		};
		16AE7AD31B94F2610078A4B7 /* Debug */ = {
			isa = XCBuildConfiguration;
			buildSettings = {
				BUNDLE_LOADER = "$(TEST_HOST)";
				FRAMEWORK_SEARCH_PATHS = (
					"$(SDKROOT)/Developer/Library/Frameworks",
					"$(inherited)",
				);
				GCC_PREPROCESSOR_DEFINITIONS = (
					"DEBUG=1",
					"$(inherited)",
				);
				INFOPLIST_FILE = "auto-layoutTests/Info.plist";
				LD_RUNPATH_SEARCH_PATHS = "$(inherited) @executable_path/Frameworks @loader_path/Frameworks";
				PRODUCT_NAME = "$(TARGET_NAME)";
				TEST_HOST = "$(BUILT_PRODUCTS_DIR)/auto-layout.app/auto-layout";
			};
			name = Debug;
		};
		16AE7AD41B94F2610078A4B7 /* Release */ = {
			isa = XCBuildConfiguration;
			buildSettings = {
				BUNDLE_LOADER = "$(TEST_HOST)";
				FRAMEWORK_SEARCH_PATHS = (
					"$(SDKROOT)/Developer/Library/Frameworks",
					"$(inherited)",
				);
				INFOPLIST_FILE = "auto-layoutTests/Info.plist";
				LD_RUNPATH_SEARCH_PATHS = "$(inherited) @executable_path/Frameworks @loader_path/Frameworks";
				PRODUCT_NAME = "$(TARGET_NAME)";
				TEST_HOST = "$(BUILT_PRODUCTS_DIR)/auto-layout.app/auto-layout";
			};
			name = Release;
		};
/* End XCBuildConfiguration section */

/* Begin XCConfigurationList section */
		16AE7AAB1B94F2600078A4B7 /* Build configuration list for PBXProject "auto-layout" */ = {
			isa = XCConfigurationList;
			buildConfigurations = (
				16AE7ACD1B94F2610078A4B7 /* Debug */,
				16AE7ACE1B94F2610078A4B7 /* Release */,
			);
			defaultConfigurationIsVisible = 0;
			defaultConfigurationName = Release;
		};
		16AE7ACF1B94F2610078A4B7 /* Build configuration list for PBXNativeTarget "auto-layout" */ = {
			isa = XCConfigurationList;
			buildConfigurations = (
				16AE7AD01B94F2610078A4B7 /* Debug */,
				16AE7AD11B94F2610078A4B7 /* Release */,
			);
			defaultConfigurationIsVisible = 0;
		};
		16AE7AD21B94F2610078A4B7 /* Build configuration list for PBXNativeTarget "auto-layoutTests" */ = {
			isa = XCConfigurationList;
			buildConfigurations = (
				16AE7AD31B94F2610078A4B7 /* Debug */,
				16AE7AD41B94F2610078A4B7 /* Release */,
			);
			defaultConfigurationIsVisible = 0;
		};
/* End XCConfigurationList section */
	};
	rootObject = 16AE7AA81B94F2600078A4B7 /* Project object */;
}
